// !$*UTF8*$!
{
	archiveVersion = 1;
	classes = {
	};
	objectVersion = 50;
	objects = {

/* Begin PBXBuildFile section */
		EB54672E24B76C6800FC9318 /* AppDelegate.swift in Sources */ = {isa = PBXBuildFile; fileRef = EB54672D24B76C6800FC9318 /* AppDelegate.swift */; };
		EB54673724B76C6A00FC9318 /* Assets.xcassets in Resources */ = {isa = PBXBuildFile; fileRef = EB54673624B76C6A00FC9318 /* Assets.xcassets */; };
		EB54673A24B76C6A00FC9318 /* LaunchScreen.storyboard in Resources */ = {isa = PBXBuildFile; fileRef = EB54673824B76C6A00FC9318 /* LaunchScreen.storyboard */; };
		EB54674524B76C6A00FC9318 /* CharactersTests.swift in Sources */ = {isa = PBXBuildFile; fileRef = EB54674424B76C6A00FC9318 /* CharactersTests.swift */; };
		EB54675024B76C6B00FC9318 /* CharactersUITests.swift in Sources */ = {isa = PBXBuildFile; fileRef = EB54674F24B76C6B00FC9318 /* CharactersUITests.swift */; };
		EB86E54E24B76FC90089AFB9 /* Localizable.strings in Resources */ = {isa = PBXBuildFile; fileRef = EB86E55024B76FC90089AFB9 /* Localizable.strings */; };
		EB86E55524B770B40089AFB9 /* Strings.swift in Sources */ = {isa = PBXBuildFile; fileRef = EB86E55424B770B40089AFB9 /* Strings.swift */; };
		EB86E55824B774450089AFB9 /* Images.swift in Sources */ = {isa = PBXBuildFile; fileRef = EB86E55724B774450089AFB9 /* Images.swift */; };
/* End PBXBuildFile section */

/* Begin PBXContainerItemProxy section */
		EB54674124B76C6A00FC9318 /* PBXContainerItemProxy */ = {
			isa = PBXContainerItemProxy;
			containerPortal = EB54672224B76C6800FC9318 /* Project object */;
			proxyType = 1;
			remoteGlobalIDString = EB54672924B76C6800FC9318;
			remoteInfo = Characters;
		};
		EB54674C24B76C6A00FC9318 /* PBXContainerItemProxy */ = {
			isa = PBXContainerItemProxy;
			containerPortal = EB54672224B76C6800FC9318 /* Project object */;
			proxyType = 1;
			remoteGlobalIDString = EB54672924B76C6800FC9318;
			remoteInfo = Characters;
		};
/* End PBXContainerItemProxy section */

/* Begin PBXFileReference section */
		EB54672A24B76C6800FC9318 /* Characters.app */ = {isa = PBXFileReference; explicitFileType = wrapper.application; includeInIndex = 0; path = Characters.app; sourceTree = BUILT_PRODUCTS_DIR; };
		EB54672D24B76C6800FC9318 /* AppDelegate.swift */ = {isa = PBXFileReference; lastKnownFileType = sourcecode.swift; path = AppDelegate.swift; sourceTree = "<group>"; };
		EB54673624B76C6A00FC9318 /* Assets.xcassets */ = {isa = PBXFileReference; lastKnownFileType = folder.assetcatalog; path = Assets.xcassets; sourceTree = "<group>"; };
		EB54673B24B76C6A00FC9318 /* Info.plist */ = {isa = PBXFileReference; lastKnownFileType = text.plist.xml; path = Info.plist; sourceTree = "<group>"; };
		EB54674024B76C6A00FC9318 /* CharactersTests.xctest */ = {isa = PBXFileReference; explicitFileType = wrapper.cfbundle; includeInIndex = 0; path = CharactersTests.xctest; sourceTree = BUILT_PRODUCTS_DIR; };
		EB54674424B76C6A00FC9318 /* CharactersTests.swift */ = {isa = PBXFileReference; lastKnownFileType = sourcecode.swift; path = CharactersTests.swift; sourceTree = "<group>"; };
		EB54674624B76C6A00FC9318 /* Info.plist */ = {isa = PBXFileReference; lastKnownFileType = text.plist.xml; path = Info.plist; sourceTree = "<group>"; };
		EB54674B24B76C6A00FC9318 /* CharactersUITests.xctest */ = {isa = PBXFileReference; explicitFileType = wrapper.cfbundle; includeInIndex = 0; path = CharactersUITests.xctest; sourceTree = BUILT_PRODUCTS_DIR; };
		EB54674F24B76C6B00FC9318 /* CharactersUITests.swift */ = {isa = PBXFileReference; lastKnownFileType = sourcecode.swift; path = CharactersUITests.swift; sourceTree = "<group>"; };
		EB54675124B76C6B00FC9318 /* Info.plist */ = {isa = PBXFileReference; lastKnownFileType = text.plist.xml; path = Info.plist; sourceTree = "<group>"; };
		EB86E54524B76DBA0089AFB9 /* .gitignore */ = {isa = PBXFileReference; lastKnownFileType = text; path = .gitignore; sourceTree = "<group>"; };
		EB86E54A24B76F320089AFB9 /* Base */ = {isa = PBXFileReference; lastKnownFileType = file.storyboard; name = Base; path = Base.lproj/LaunchScreen.storyboard; sourceTree = "<group>"; };
		EB86E54F24B76FC90089AFB9 /* en */ = {isa = PBXFileReference; lastKnownFileType = text.plist.strings; name = en; path = en.lproj/Localizable.strings; sourceTree = "<group>"; };
		EB86E55124B76FE30089AFB9 /* ru */ = {isa = PBXFileReference; lastKnownFileType = text.plist.strings; name = ru; path = ru.lproj/Localizable.strings; sourceTree = "<group>"; };
		EB86E55224B770640089AFB9 /* swiftgen.yml */ = {isa = PBXFileReference; lastKnownFileType = text.yaml; path = swiftgen.yml; sourceTree = "<group>"; };
		EB86E55424B770B40089AFB9 /* Strings.swift */ = {isa = PBXFileReference; lastKnownFileType = sourcecode.swift; path = Strings.swift; sourceTree = "<group>"; };
		EB86E55724B774450089AFB9 /* Images.swift */ = {isa = PBXFileReference; lastKnownFileType = sourcecode.swift; path = Images.swift; sourceTree = "<group>"; };
		EB86E55B24B775D60089AFB9 /* .swiftlint.yml */ = {isa = PBXFileReference; lastKnownFileType = text.yaml; path = .swiftlint.yml; sourceTree = "<group>"; };
/* End PBXFileReference section */

/* Begin PBXFrameworksBuildPhase section */
		EB54672724B76C6800FC9318 /* Frameworks */ = {
			isa = PBXFrameworksBuildPhase;
			buildActionMask = 2147483647;
			files = (
			);
			runOnlyForDeploymentPostprocessing = 0;
		};
		EB54673D24B76C6A00FC9318 /* Frameworks */ = {
			isa = PBXFrameworksBuildPhase;
			buildActionMask = 2147483647;
			files = (
			);
			runOnlyForDeploymentPostprocessing = 0;
		};
		EB54674824B76C6A00FC9318 /* Frameworks */ = {
			isa = PBXFrameworksBuildPhase;
			buildActionMask = 2147483647;
			files = (
			);
			runOnlyForDeploymentPostprocessing = 0;
		};
/* End PBXFrameworksBuildPhase section */

/* Begin PBXGroup section */
		EB54672124B76C6800FC9318 = {
			isa = PBXGroup;
			children = (
				EB86E54424B76DA10089AFB9 /* Configuration Files */,
				EB54672C24B76C6800FC9318 /* Characters */,
				EB54674324B76C6A00FC9318 /* CharactersTests */,
				EB54674E24B76C6B00FC9318 /* CharactersUITests */,
				EB54672B24B76C6800FC9318 /* Products */,
			);
			sourceTree = "<group>";
		};
		EB54672B24B76C6800FC9318 /* Products */ = {
			isa = PBXGroup;
			children = (
				EB54672A24B76C6800FC9318 /* Characters.app */,
				EB54674024B76C6A00FC9318 /* CharactersTests.xctest */,
				EB54674B24B76C6A00FC9318 /* CharactersUITests.xctest */,
			);
			name = Products;
			sourceTree = "<group>";
		};
		EB54672C24B76C6800FC9318 /* Characters */ = {
			isa = PBXGroup;
			children = (
				EB54675E24B76C7F00FC9318 /* Resources */,
				EB54675D24B76C7800FC9318 /* Sources */,
				EB54673B24B76C6A00FC9318 /* Info.plist */,
			);
			path = Characters;
			sourceTree = "<group>";
		};
		EB54674324B76C6A00FC9318 /* CharactersTests */ = {
			isa = PBXGroup;
			children = (
				EB54676024B76CA100FC9318 /* Sources */,
				EB54674624B76C6A00FC9318 /* Info.plist */,
			);
			path = CharactersTests;
			sourceTree = "<group>";
		};
		EB54674E24B76C6B00FC9318 /* CharactersUITests */ = {
			isa = PBXGroup;
			children = (
				EB54676124B76CA800FC9318 /* Sources */,
				EB54675124B76C6B00FC9318 /* Info.plist */,
			);
			path = CharactersUITests;
			sourceTree = "<group>";
		};
		EB54675D24B76C7800FC9318 /* Sources */ = {
			isa = PBXGroup;
			children = (
				EB54672D24B76C6800FC9318 /* AppDelegate.swift */,
			);
			path = Sources;
			sourceTree = "<group>";
		};
		EB54675E24B76C7F00FC9318 /* Resources */ = {
			isa = PBXGroup;
			children = (
				EB86E55324B770A70089AFB9 /* Generated */,
				EB54675F24B76C9100FC9318 /* Images */,
				EB86E54B24B76FA20089AFB9 /* Strings */,
				EB54673824B76C6A00FC9318 /* LaunchScreen.storyboard */,
			);
			path = Resources;
			sourceTree = "<group>";
		};
		EB54675F24B76C9100FC9318 /* Images */ = {
			isa = PBXGroup;
			children = (
				EB54673624B76C6A00FC9318 /* Assets.xcassets */,
			);
			path = Images;
			sourceTree = "<group>";
		};
		EB54676024B76CA100FC9318 /* Sources */ = {
			isa = PBXGroup;
			children = (
				EB54674424B76C6A00FC9318 /* CharactersTests.swift */,
			);
			path = Sources;
			sourceTree = "<group>";
		};
		EB54676124B76CA800FC9318 /* Sources */ = {
			isa = PBXGroup;
			children = (
				EB54674F24B76C6B00FC9318 /* CharactersUITests.swift */,
			);
			path = Sources;
			sourceTree = "<group>";
		};
		EB86E54424B76DA10089AFB9 /* Configuration Files */ = {
			isa = PBXGroup;
			children = (
				EB86E54524B76DBA0089AFB9 /* .gitignore */,
				EB86E55B24B775D60089AFB9 /* .swiftlint.yml */,
				EB86E55224B770640089AFB9 /* swiftgen.yml */,
			);
			name = "Configuration Files";
			sourceTree = "<group>";
		};
		EB86E54B24B76FA20089AFB9 /* Strings */ = {
			isa = PBXGroup;
			children = (
				EB86E55024B76FC90089AFB9 /* Localizable.strings */,
			);
			path = Strings;
			sourceTree = "<group>";
		};
		EB86E55324B770A70089AFB9 /* Generated */ = {
			isa = PBXGroup;
			children = (
				EB86E55724B774450089AFB9 /* Images.swift */,
				EB86E55424B770B40089AFB9 /* Strings.swift */,
			);
			path = Generated;
			sourceTree = "<group>";
		};
/* End PBXGroup section */

/* Begin PBXNativeTarget section */
		EB54672924B76C6800FC9318 /* Characters */ = {
			isa = PBXNativeTarget;
			buildConfigurationList = EB54675424B76C6B00FC9318 /* Build configuration list for PBXNativeTarget "Characters" */;
			buildPhases = (
				EB86E55624B771F90089AFB9 /* SwiftGen */,
				EB86E55D24B776400089AFB9 /* SwiftLint */,
				EB54672624B76C6800FC9318 /* Sources */,
				EB54672724B76C6800FC9318 /* Frameworks */,
				EB54672824B76C6800FC9318 /* Resources */,
			);
			buildRules = (
			);
			dependencies = (
			);
			name = Characters;
			productName = Characters;
			productReference = EB54672A24B76C6800FC9318 /* Characters.app */;
			productType = "com.apple.product-type.application";
		};
		EB54673F24B76C6A00FC9318 /* CharactersTests */ = {
			isa = PBXNativeTarget;
			buildConfigurationList = EB54675724B76C6B00FC9318 /* Build configuration list for PBXNativeTarget "CharactersTests" */;
			buildPhases = (
				EB54673C24B76C6A00FC9318 /* Sources */,
				EB54673D24B76C6A00FC9318 /* Frameworks */,
				EB54673E24B76C6A00FC9318 /* Resources */,
			);
			buildRules = (
			);
			dependencies = (
				EB54674224B76C6A00FC9318 /* PBXTargetDependency */,
			);
			name = CharactersTests;
			productName = CharactersTests;
			productReference = EB54674024B76C6A00FC9318 /* CharactersTests.xctest */;
			productType = "com.apple.product-type.bundle.unit-test";
		};
		EB54674A24B76C6A00FC9318 /* CharactersUITests */ = {
			isa = PBXNativeTarget;
			buildConfigurationList = EB54675A24B76C6B00FC9318 /* Build configuration list for PBXNativeTarget "CharactersUITests" */;
			buildPhases = (
				EB54674724B76C6A00FC9318 /* Sources */,
				EB54674824B76C6A00FC9318 /* Frameworks */,
				EB54674924B76C6A00FC9318 /* Resources */,
			);
			buildRules = (
			);
			dependencies = (
				EB54674D24B76C6A00FC9318 /* PBXTargetDependency */,
			);
			name = CharactersUITests;
			productName = CharactersUITests;
			productReference = EB54674B24B76C6A00FC9318 /* CharactersUITests.xctest */;
			productType = "com.apple.product-type.bundle.ui-testing";
		};
/* End PBXNativeTarget section */

/* Begin PBXProject section */
		EB54672224B76C6800FC9318 /* Project object */ = {
			isa = PBXProject;
			attributes = {
				LastSwiftUpdateCheck = 1150;
				LastUpgradeCheck = 1150;
				ORGANIZATIONNAME = "Alexey Zhulikov";
				TargetAttributes = {
					EB54672924B76C6800FC9318 = {
						CreatedOnToolsVersion = 11.5;
					};
					EB54673F24B76C6A00FC9318 = {
						CreatedOnToolsVersion = 11.5;
						TestTargetID = EB54672924B76C6800FC9318;
					};
					EB54674A24B76C6A00FC9318 = {
						CreatedOnToolsVersion = 11.5;
						TestTargetID = EB54672924B76C6800FC9318;
					};
				};
			};
			buildConfigurationList = EB54672524B76C6800FC9318 /* Build configuration list for PBXProject "Characters" */;
			compatibilityVersion = "Xcode 9.3";
			developmentRegion = en;
			hasScannedForEncodings = 0;
			knownRegions = (
				en,
				Base,
				ru,
			);
			mainGroup = EB54672124B76C6800FC9318;
			productRefGroup = EB54672B24B76C6800FC9318 /* Products */;
			projectDirPath = "";
			projectRoot = "";
			targets = (
				EB54672924B76C6800FC9318 /* Characters */,
				EB54673F24B76C6A00FC9318 /* CharactersTests */,
				EB54674A24B76C6A00FC9318 /* CharactersUITests */,
			);
		};
/* End PBXProject section */

/* Begin PBXResourcesBuildPhase section */
		EB54672824B76C6800FC9318 /* Resources */ = {
			isa = PBXResourcesBuildPhase;
			buildActionMask = 2147483647;
			files = (
				EB54673A24B76C6A00FC9318 /* LaunchScreen.storyboard in Resources */,
				EB86E54E24B76FC90089AFB9 /* Localizable.strings in Resources */,
				EB54673724B76C6A00FC9318 /* Assets.xcassets in Resources */,
			);
			runOnlyForDeploymentPostprocessing = 0;
		};
		EB54673E24B76C6A00FC9318 /* Resources */ = {
			isa = PBXResourcesBuildPhase;
			buildActionMask = 2147483647;
			files = (
			);
			runOnlyForDeploymentPostprocessing = 0;
		};
		EB54674924B76C6A00FC9318 /* Resources */ = {
			isa = PBXResourcesBuildPhase;
			buildActionMask = 2147483647;
			files = (
			);
			runOnlyForDeploymentPostprocessing = 0;
		};
/* End PBXResourcesBuildPhase section */

/* Begin PBXShellScriptBuildPhase section */
		EB86E55624B771F90089AFB9 /* SwiftGen */ = {
			isa = PBXShellScriptBuildPhase;
			buildActionMask = 2147483647;
			files = (
			);
			inputFileListPaths = (
			);
			inputPaths = (
			);
			name = SwiftGen;
			outputFileListPaths = (
			);
			outputPaths = (
			);
			runOnlyForDeploymentPostprocessing = 0;
			shellPath = /bin/sh;
			shellScript = "\"$PROJECT_DIR/.scripts/swiftgen/bin/swiftgen\"\n";
		};
		EB86E55D24B776400089AFB9 /* SwiftLint */ = {
			isa = PBXShellScriptBuildPhase;
			buildActionMask = 2147483647;
			files = (
			);
			inputFileListPaths = (
			);
			inputPaths = (
			);
			name = SwiftLint;
			outputFileListPaths = (
			);
			outputPaths = (
			);
			runOnlyForDeploymentPostprocessing = 0;
			shellPath = /bin/sh;
			shellScript = "\"$PROJECT_DIR/.scripts/swiftlint/swiftlint\"\n";
		};
/* End PBXShellScriptBuildPhase section */

/* Begin PBXSourcesBuildPhase section */
		EB54672624B76C6800FC9318 /* Sources */ = {
			isa = PBXSourcesBuildPhase;
			buildActionMask = 2147483647;
			files = (
				EB86E55524B770B40089AFB9 /* Strings.swift in Sources */,
				EB86E55824B774450089AFB9 /* Images.swift in Sources */,
				EB54672E24B76C6800FC9318 /* AppDelegate.swift in Sources */,
			);
			runOnlyForDeploymentPostprocessing = 0;
		};
		EB54673C24B76C6A00FC9318 /* Sources */ = {
			isa = PBXSourcesBuildPhase;
			buildActionMask = 2147483647;
			files = (
				EB54674524B76C6A00FC9318 /* CharactersTests.swift in Sources */,
			);
			runOnlyForDeploymentPostprocessing = 0;
		};
		EB54674724B76C6A00FC9318 /* Sources */ = {
			isa = PBXSourcesBuildPhase;
			buildActionMask = 2147483647;
			files = (
				EB54675024B76C6B00FC9318 /* CharactersUITests.swift in Sources */,
			);
			runOnlyForDeploymentPostprocessing = 0;
		};
/* End PBXSourcesBuildPhase section */

/* Begin PBXTargetDependency section */
		EB54674224B76C6A00FC9318 /* PBXTargetDependency */ = {
			isa = PBXTargetDependency;
			target = EB54672924B76C6800FC9318 /* Characters */;
			targetProxy = EB54674124B76C6A00FC9318 /* PBXContainerItemProxy */;
		};
		EB54674D24B76C6A00FC9318 /* PBXTargetDependency */ = {
			isa = PBXTargetDependency;
			target = EB54672924B76C6800FC9318 /* Characters */;
			targetProxy = EB54674C24B76C6A00FC9318 /* PBXContainerItemProxy */;
		};
/* End PBXTargetDependency section */

/* Begin PBXVariantGroup section */
		EB54673824B76C6A00FC9318 /* LaunchScreen.storyboard */ = {
			isa = PBXVariantGroup;
			children = (
				EB86E54A24B76F320089AFB9 /* Base */,
			);
			name = LaunchScreen.storyboard;
			sourceTree = "<group>";
		};
		EB86E55024B76FC90089AFB9 /* Localizable.strings */ = {
			isa = PBXVariantGroup;
			children = (
				EB86E54F24B76FC90089AFB9 /* en */,
				EB86E55124B76FE30089AFB9 /* ru */,
			);
			name = Localizable.strings;
			sourceTree = "<group>";
		};
/* End PBXVariantGroup section */

/* Begin XCBuildConfiguration section */
		EB54675224B76C6B00FC9318 /* Debug */ = {
			isa = XCBuildConfiguration;
			buildSettings = {
				ALWAYS_SEARCH_USER_PATHS = NO;
				CLANG_ANALYZER_LOCALIZABILITY_NONLOCALIZED = YES;
				CLANG_ANALYZER_NONNULL = YES;
				CLANG_ANALYZER_NUMBER_OBJECT_CONVERSION = YES_AGGRESSIVE;
				CLANG_CXX_LANGUAGE_STANDARD = "gnu++14";
				CLANG_CXX_LIBRARY = "libc++";
				CLANG_ENABLE_MODULES = YES;
				CLANG_ENABLE_OBJC_ARC = YES;
				CLANG_ENABLE_OBJC_WEAK = YES;
				CLANG_WARN_BLOCK_CAPTURE_AUTORELEASING = YES;
				CLANG_WARN_BOOL_CONVERSION = YES;
				CLANG_WARN_COMMA = YES;
				CLANG_WARN_CONSTANT_CONVERSION = YES;
				CLANG_WARN_DEPRECATED_OBJC_IMPLEMENTATIONS = YES;
				CLANG_WARN_DIRECT_OBJC_ISA_USAGE = YES_ERROR;
				CLANG_WARN_DOCUMENTATION_COMMENTS = YES;
				CLANG_WARN_EMPTY_BODY = YES;
				CLANG_WARN_ENUM_CONVERSION = YES;
				CLANG_WARN_INFINITE_RECURSION = YES;
				CLANG_WARN_INT_CONVERSION = YES;
				CLANG_WARN_NON_LITERAL_NULL_CONVERSION = YES;
				CLANG_WARN_OBJC_IMPLICIT_RETAIN_SELF = YES;
				CLANG_WARN_OBJC_LITERAL_CONVERSION = YES;
				CLANG_WARN_OBJC_ROOT_CLASS = YES_ERROR;
				CLANG_WARN_RANGE_LOOP_ANALYSIS = YES;
				CLANG_WARN_STRICT_PROTOTYPES = YES;
				CLANG_WARN_SUSPICIOUS_MOVE = YES;
				CLANG_WARN_UNGUARDED_AVAILABILITY = YES_AGGRESSIVE;
				CLANG_WARN_UNREACHABLE_CODE = YES;
				CLANG_WARN__DUPLICATE_METHOD_MATCH = YES;
				COPY_PHASE_STRIP = NO;
				DEBUG_INFORMATION_FORMAT = dwarf;
				ENABLE_STRICT_OBJC_MSGSEND = YES;
				ENABLE_TESTABILITY = YES;
				GCC_C_LANGUAGE_STANDARD = gnu11;
				GCC_DYNAMIC_NO_PIC = NO;
				GCC_NO_COMMON_BLOCKS = YES;
				GCC_OPTIMIZATION_LEVEL = 0;
				GCC_PREPROCESSOR_DEFINITIONS = (
					"DEBUG=1",
					"$(inherited)",
				);
				GCC_WARN_64_TO_32_BIT_CONVERSION = YES;
				GCC_WARN_ABOUT_RETURN_TYPE = YES_ERROR;
				GCC_WARN_UNDECLARED_SELECTOR = YES;
				GCC_WARN_UNINITIALIZED_AUTOS = YES_AGGRESSIVE;
				GCC_WARN_UNUSED_FUNCTION = YES;
				GCC_WARN_UNUSED_VARIABLE = YES;
				IPHONEOS_DEPLOYMENT_TARGET = 13.5;
				MTL_ENABLE_DEBUG_INFO = INCLUDE_SOURCE;
				MTL_FAST_MATH = YES;
				ONLY_ACTIVE_ARCH = YES;
				SDKROOT = iphoneos;
				SWIFT_ACTIVE_COMPILATION_CONDITIONS = DEBUG;
				SWIFT_OPTIMIZATION_LEVEL = "-Onone";
			};
			name = Debug;
		};
		EB54675324B76C6B00FC9318 /* Release */ = {
			isa = XCBuildConfiguration;
			buildSettings = {
				ALWAYS_SEARCH_USER_PATHS = NO;
				CLANG_ANALYZER_LOCALIZABILITY_NONLOCALIZED = YES;
				CLANG_ANALYZER_NONNULL = YES;
				CLANG_ANALYZER_NUMBER_OBJECT_CONVERSION = YES_AGGRESSIVE;
				CLANG_CXX_LANGUAGE_STANDARD = "gnu++14";
				CLANG_CXX_LIBRARY = "libc++";
				CLANG_ENABLE_MODULES = YES;
				CLANG_ENABLE_OBJC_ARC = YES;
				CLANG_ENABLE_OBJC_WEAK = YES;
				CLANG_WARN_BLOCK_CAPTURE_AUTORELEASING = YES;
				CLANG_WARN_BOOL_CONVERSION = YES;
				CLANG_WARN_COMMA = YES;
				CLANG_WARN_CONSTANT_CONVERSION = YES;
				CLANG_WARN_DEPRECATED_OBJC_IMPLEMENTATIONS = YES;
				CLANG_WARN_DIRECT_OBJC_ISA_USAGE = YES_ERROR;
				CLANG_WARN_DOCUMENTATION_COMMENTS = YES;
				CLANG_WARN_EMPTY_BODY = YES;
				CLANG_WARN_ENUM_CONVERSION = YES;
				CLANG_WARN_INFINITE_RECURSION = YES;
				CLANG_WARN_INT_CONVERSION = YES;
				CLANG_WARN_NON_LITERAL_NULL_CONVERSION = YES;
				CLANG_WARN_OBJC_IMPLICIT_RETAIN_SELF = YES;
				CLANG_WARN_OBJC_LITERAL_CONVERSION = YES;
				CLANG_WARN_OBJC_ROOT_CLASS = YES_ERROR;
				CLANG_WARN_RANGE_LOOP_ANALYSIS = YES;
				CLANG_WARN_STRICT_PROTOTYPES = YES;
				CLANG_WARN_SUSPICIOUS_MOVE = YES;
				CLANG_WARN_UNGUARDED_AVAILABILITY = YES_AGGRESSIVE;
				CLANG_WARN_UNREACHABLE_CODE = YES;
				CLANG_WARN__DUPLICATE_METHOD_MATCH = YES;
				COPY_PHASE_STRIP = NO;
				DEBUG_INFORMATION_FORMAT = "dwarf-with-dsym";
				ENABLE_NS_ASSERTIONS = NO;
				ENABLE_STRICT_OBJC_MSGSEND = YES;
				GCC_C_LANGUAGE_STANDARD = gnu11;
				GCC_NO_COMMON_BLOCKS = YES;
				GCC_WARN_64_TO_32_BIT_CONVERSION = YES;
				GCC_WARN_ABOUT_RETURN_TYPE = YES_ERROR;
				GCC_WARN_UNDECLARED_SELECTOR = YES;
				GCC_WARN_UNINITIALIZED_AUTOS = YES_AGGRESSIVE;
				GCC_WARN_UNUSED_FUNCTION = YES;
				GCC_WARN_UNUSED_VARIABLE = YES;
				IPHONEOS_DEPLOYMENT_TARGET = 13.5;
				MTL_ENABLE_DEBUG_INFO = NO;
				MTL_FAST_MATH = YES;
				SDKROOT = iphoneos;
				SWIFT_COMPILATION_MODE = wholemodule;
				SWIFT_OPTIMIZATION_LEVEL = "-O";
				VALIDATE_PRODUCT = YES;
			};
			name = Release;
		};
		EB54675524B76C6B00FC9318 /* Debug */ = {
			isa = XCBuildConfiguration;
			buildSettings = {
				ASSETCATALOG_COMPILER_APPICON_NAME = AppIcon;
				CODE_SIGN_STYLE = Automatic;
				INFOPLIST_FILE = Characters/Info.plist;
				LD_RUNPATH_SEARCH_PATHS = (
					"$(inherited)",
					"@executable_path/Frameworks",
				);
				PRODUCT_BUNDLE_IDENTIFIER = me.alxyzhv.Characters;
				PRODUCT_NAME = "$(TARGET_NAME)";
				SWIFT_VERSION = 5.0;
				TARGETED_DEVICE_FAMILY = 1;
			};
			name = Debug;
		};
		EB54675624B76C6B00FC9318 /* Release */ = {
			isa = XCBuildConfiguration;
			buildSettings = {
				ASSETCATALOG_COMPILER_APPICON_NAME = AppIcon;
				CODE_SIGN_STYLE = Automatic;
				INFOPLIST_FILE = Characters/Info.plist;
				LD_RUNPATH_SEARCH_PATHS = (
					"$(inherited)",
					"@executable_path/Frameworks",
				);
				PRODUCT_BUNDLE_IDENTIFIER = me.alxyzhv.Characters;
				PRODUCT_NAME = "$(TARGET_NAME)";
				SWIFT_VERSION = 5.0;
				TARGETED_DEVICE_FAMILY = 1;
			};
			name = Release;
		};
		EB54675824B76C6B00FC9318 /* Debug */ = {
			isa = XCBuildConfiguration;
			buildSettings = {
				ALWAYS_EMBED_SWIFT_STANDARD_LIBRARIES = YES;
				BUNDLE_LOADER = "$(TEST_HOST)";
				CODE_SIGN_STYLE = Automatic;
				INFOPLIST_FILE = CharactersTests/Info.plist;
				IPHONEOS_DEPLOYMENT_TARGET = 13.5;
				LD_RUNPATH_SEARCH_PATHS = (
					"$(inherited)",
					"@executable_path/Frameworks",
					"@loader_path/Frameworks",
				);
				PRODUCT_BUNDLE_IDENTIFIER = me.alxyzhv.CharactersTests;
				PRODUCT_NAME = "$(TARGET_NAME)";
				SWIFT_VERSION = 5.0;
				TARGETED_DEVICE_FAMILY = "1,2";
				TEST_HOST = "$(BUILT_PRODUCTS_DIR)/Characters.app/Characters";
			};
			name = Debug;
		};
		EB54675924B76C6B00FC9318 /* Release */ = {
			isa = XCBuildConfiguration;
			buildSettings = {
				ALWAYS_EMBED_SWIFT_STANDARD_LIBRARIES = YES;
				BUNDLE_LOADER = "$(TEST_HOST)";
				CODE_SIGN_STYLE = Automatic;
				INFOPLIST_FILE = CharactersTests/Info.plist;
				IPHONEOS_DEPLOYMENT_TARGET = 13.5;
				LD_RUNPATH_SEARCH_PATHS = (
					"$(inherited)",
					"@executable_path/Frameworks",
					"@loader_path/Frameworks",
				);
				PRODUCT_BUNDLE_IDENTIFIER = me.alxyzhv.CharactersTests;
				PRODUCT_NAME = "$(TARGET_NAME)";
				SWIFT_VERSION = 5.0;
				TARGETED_DEVICE_FAMILY = "1,2";
				TEST_HOST = "$(BUILT_PRODUCTS_DIR)/Characters.app/Characters";
			};
			name = Release;
		};
		EB54675B24B76C6B00FC9318 /* Debug */ = {
			isa = XCBuildConfiguration;
			buildSettings = {
				ALWAYS_EMBED_SWIFT_STANDARD_LIBRARIES = YES;
				CODE_SIGN_STYLE = Automatic;
				INFOPLIST_FILE = CharactersUITests/Info.plist;
				LD_RUNPATH_SEARCH_PATHS = (
					"$(inherited)",
					"@executable_path/Frameworks",
					"@loader_path/Frameworks",
				);
				PRODUCT_BUNDLE_IDENTIFIER = me.alxyzhv.CharactersUITests;
				PRODUCT_NAME = "$(TARGET_NAME)";
				SWIFT_VERSION = 5.0;
				TARGETED_DEVICE_FAMILY = "1,2";
				TEST_TARGET_NAME = Characters;
			};
			name = Debug;
		};
		EB54675C24B76C6B00FC9318 /* Release */ = {
			isa = XCBuildConfiguration;
			buildSettings = {
				ALWAYS_EMBED_SWIFT_STANDARD_LIBRARIES = YES;
				CODE_SIGN_STYLE = Automatic;
				INFOPLIST_FILE = CharactersUITests/Info.plist;
				LD_RUNPATH_SEARCH_PATHS = (
					"$(inherited)",
					"@executable_path/Frameworks",
					"@loader_path/Frameworks",
				);
				PRODUCT_BUNDLE_IDENTIFIER = me.alxyzhv.CharactersUITests;
				PRODUCT_NAME = "$(TARGET_NAME)";
				SWIFT_VERSION = 5.0;
				TARGETED_DEVICE_FAMILY = "1,2";
				TEST_TARGET_NAME = Characters;
			};
			name = Release;
		};
/* End XCBuildConfiguration section */

/* Begin XCConfigurationList section */
		EB54672524B76C6800FC9318 /* Build configuration list for PBXProject "Characters" */ = {
			isa = XCConfigurationList;
			buildConfigurations = (
				EB54675224B76C6B00FC9318 /* Debug */,
				EB54675324B76C6B00FC9318 /* Release */,
			);
			defaultConfigurationIsVisible = 0;
			defaultConfigurationName = Release;
		};
		EB54675424B76C6B00FC9318 /* Build configuration list for PBXNativeTarget "Characters" */ = {
			isa = XCConfigurationList;
			buildConfigurations = (
				EB54675524B76C6B00FC9318 /* Debug */,
				EB54675624B76C6B00FC9318 /* Release */,
			);
			defaultConfigurationIsVisible = 0;
			defaultConfigurationName = Release;
		};
		EB54675724B76C6B00FC9318 /* Build configuration list for PBXNativeTarget "CharactersTests" */ = {
			isa = XCConfigurationList;
			buildConfigurations = (
				EB54675824B76C6B00FC9318 /* Debug */,
				EB54675924B76C6B00FC9318 /* Release */,
			);
			defaultConfigurationIsVisible = 0;
			defaultConfigurationName = Release;
		};
		EB54675A24B76C6B00FC9318 /* Build configuration list for PBXNativeTarget "CharactersUITests" */ = {
			isa = XCConfigurationList;
			buildConfigurations = (
				EB54675B24B76C6B00FC9318 /* Debug */,
				EB54675C24B76C6B00FC9318 /* Release */,
			);
			defaultConfigurationIsVisible = 0;
			defaultConfigurationName = Release;
		};
/* End XCConfigurationList section */
	};
	rootObject = EB54672224B76C6800FC9318 /* Project object */;
}
